
Microsoft Visual Studio Solution File, Format Version 12.00
# Visual Studio Version 17
VisualStudioVersion = 17.8.34511.84
MinimumVisualStudioVersion = 10.0.40219.1
Project("{9A19103F-16F7-4668-BE54-9A1E7A4F7556}") = "SouthWine.Api", "src\SouthWine.Api\SouthWine.Api.csproj", "{21B2B108-0C21-4DFF-802A-EF366CCC663D}"
EndProject
Global
	GlobalSection(SolutionConfigurationPlatforms) = preSolution
		Debug|Any CPU = Debug|Any CPU
		Release|Any CPU = Release|Any CPU
	EndGlobalSection
	GlobalSection(ProjectConfigurationPlatforms) = postSolution
		{21B2B108-0C21-4DFF-802A-EF366CCC663D}.Debug|Any CPU.ActiveCfg = Debug|Any CPU
		{21B2B108-0C21-4DFF-802A-EF366CCC663D}.Debug|Any CPU.Build.0 = Debug|Any CPU
		{21B2B108-0C21-4DFF-802A-EF366CCC663D}.Release|Any CPU.ActiveCfg = Release|Any CPU
		{21B2B108-0C21-4DFF-802A-EF366CCC663D}.Release|Any CPU.Build.0 = Release|Any CPU
	EndGlobalSection
	GlobalSection(SolutionProperties) = preSolution
		HideSolutionNode = FALSE
	EndGlobalSection
	GlobalSection(ExtensibilityGlobals) = postSolution
		SolutionGuid = {D05619E2-E4BA-4AA6-AD69-D610451C10C3}
	EndGlobalSection
EndGlobal
